
Microsoft Visual Studio Solution File, Format Version 12.00
# Visual Studio Version 16
VisualStudioVersion = 16.0.29006.145
MinimumVisualStudioVersion = 15.0.26124.0
Project("{2150E333-8FDC-42A3-9474-1A3956D46DE8}") = "src", "src", "{157EDE3F-11F0-4CA7-BBC2-B1AE07978F7F}"
EndProject
Project("{9A19103F-16F7-4668-BE54-9A1E7A4F7556}") = "SchoolSearch.Application", "src\SchoolSearch.Application\SchoolSearch.Application.csproj", "{98A29C07-B414-45B2-B835-7519E8620A26}"
EndProject
Project("{9A19103F-16F7-4668-BE54-9A1E7A4F7556}") = "SchoolSearch.Common", "src\SchoolSearch.Common\SchoolSearch.Common.csproj", "{A3752FC8-D69D-4826-914C-B4C37257F114}"
EndProject
Project("{9A19103F-16F7-4668-BE54-9A1E7A4F7556}") = "SchoolSearch.Domain", "src\SchoolSearch.Domain\SchoolSearch.Domain.csproj", "{61C9842A-6D99-42AB-8272-E870DAE4E5A9}"
EndProject
Project("{9A19103F-16F7-4668-BE54-9A1E7A4F7556}") = "SchoolSearch.Infrastructure", "src\SchoolSearch.Infrastructure\SchoolSearch.Infrastructure.csproj", "{3FB68365-10F1-4CD9-A3C1-154D7C1B58E9}"
EndProject
Project("{9A19103F-16F7-4668-BE54-9A1E7A4F7556}") = "SchoolSearch.WebUI", "src\SchoolSearch.WebUI\SchoolSearch.WebUI.csproj", "{41F4778C-543D-419E-ABD0-51208CDCECFB}"
EndProject
Project("{9A19103F-16F7-4668-BE54-9A1E7A4F7556}") = "EarlyChildhood.WebAPI", "src\EarlyChildhood.WebAPI\EarlyChildhood.WebAPI.csproj", "{7B44E423-FF59-4BA8-A9FA-FE7F93DCFAB0}"
EndProject
Project("{9A19103F-16F7-4668-BE54-9A1E7A4F7556}") = "Lcgms.WebAPI", "src\Lcgms.WebAPI\Lcgms.WebAPI.csproj", "{98C98485-3BBE-419E-B3BD-E7A81C1A0AFF}"
EndProject
Project("{9A19103F-16F7-4668-BE54-9A1E7A4F7556}") = "SchoolData.WebAPI", "src\SchoolData.WebAPI\SchoolData.WebAPI.csproj", "{8B254BEA-6EAE-48D2-8FCA-75300187CC52}"
EndProject
Project("{159641D6-6404-4A2A-AE62-294DE0FE8301}") = "SchoolSearch.SSIS", "src\SchoolSearch.SSIS\SchoolSearch.SSIS.dtproj", "{9AA4F585-616F-469D-A915-56FB25B66BC0}"
EndProject
Global
	GlobalSection(SolutionConfigurationPlatforms) = preSolution
		Debug|Any CPU = Debug|Any CPU
		Debug|x64 = Debug|x64
		Debug|x86 = Debug|x86
		Development|Any CPU = Development|Any CPU
		Development|x64 = Development|x64
		Development|x86 = Development|x86
		Release|Any CPU = Release|Any CPU
		Release|x64 = Release|x64
		Release|x86 = Release|x86
	EndGlobalSection
	GlobalSection(ProjectConfigurationPlatforms) = postSolution
		{98A29C07-B414-45B2-B835-7519E8620A26}.Debug|Any CPU.ActiveCfg = Debug|Any CPU
		{98A29C07-B414-45B2-B835-7519E8620A26}.Debug|Any CPU.Build.0 = Debug|Any CPU
		{98A29C07-B414-45B2-B835-7519E8620A26}.Debug|x64.ActiveCfg = Debug|Any CPU
		{98A29C07-B414-45B2-B835-7519E8620A26}.Debug|x64.Build.0 = Debug|Any CPU
		{98A29C07-B414-45B2-B835-7519E8620A26}.Debug|x86.ActiveCfg = Debug|Any CPU
		{98A29C07-B414-45B2-B835-7519E8620A26}.Debug|x86.Build.0 = Debug|Any CPU
		{98A29C07-B414-45B2-B835-7519E8620A26}.Development|Any CPU.ActiveCfg = Debug|Any CPU
		{98A29C07-B414-45B2-B835-7519E8620A26}.Development|Any CPU.Build.0 = Debug|Any CPU
		{98A29C07-B414-45B2-B835-7519E8620A26}.Development|x64.ActiveCfg = Debug|Any CPU
		{98A29C07-B414-45B2-B835-7519E8620A26}.Development|x64.Build.0 = Debug|Any CPU
		{98A29C07-B414-45B2-B835-7519E8620A26}.Development|x86.ActiveCfg = Debug|Any CPU
		{98A29C07-B414-45B2-B835-7519E8620A26}.Development|x86.Build.0 = Debug|Any CPU
		{98A29C07-B414-45B2-B835-7519E8620A26}.Release|Any CPU.ActiveCfg = Release|Any CPU
		{98A29C07-B414-45B2-B835-7519E8620A26}.Release|Any CPU.Build.0 = Release|Any CPU
		{98A29C07-B414-45B2-B835-7519E8620A26}.Release|x64.ActiveCfg = Release|Any CPU
		{98A29C07-B414-45B2-B835-7519E8620A26}.Release|x64.Build.0 = Release|Any CPU
		{98A29C07-B414-45B2-B835-7519E8620A26}.Release|x86.ActiveCfg = Release|Any CPU
		{98A29C07-B414-45B2-B835-7519E8620A26}.Release|x86.Build.0 = Release|Any CPU
		{A3752FC8-D69D-4826-914C-B4C37257F114}.Debug|Any CPU.ActiveCfg = Debug|Any CPU
		{A3752FC8-D69D-4826-914C-B4C37257F114}.Debug|Any CPU.Build.0 = Debug|Any CPU
		{A3752FC8-D69D-4826-914C-B4C37257F114}.Debug|x64.ActiveCfg = Debug|Any CPU
		{A3752FC8-D69D-4826-914C-B4C37257F114}.Debug|x64.Build.0 = Debug|Any CPU
		{A3752FC8-D69D-4826-914C-B4C37257F114}.Debug|x86.ActiveCfg = Debug|Any CPU
		{A3752FC8-D69D-4826-914C-B4C37257F114}.Debug|x86.Build.0 = Debug|Any CPU
		{A3752FC8-D69D-4826-914C-B4C37257F114}.Development|Any CPU.ActiveCfg = Debug|Any CPU
		{A3752FC8-D69D-4826-914C-B4C37257F114}.Development|Any CPU.Build.0 = Debug|Any CPU
		{A3752FC8-D69D-4826-914C-B4C37257F114}.Development|x64.ActiveCfg = Debug|Any CPU
		{A3752FC8-D69D-4826-914C-B4C37257F114}.Development|x64.Build.0 = Debug|Any CPU
		{A3752FC8-D69D-4826-914C-B4C37257F114}.Development|x86.ActiveCfg = Debug|Any CPU
		{A3752FC8-D69D-4826-914C-B4C37257F114}.Development|x86.Build.0 = Debug|Any CPU
		{A3752FC8-D69D-4826-914C-B4C37257F114}.Release|Any CPU.ActiveCfg = Release|Any CPU
		{A3752FC8-D69D-4826-914C-B4C37257F114}.Release|Any CPU.Build.0 = Release|Any CPU
		{A3752FC8-D69D-4826-914C-B4C37257F114}.Release|x64.ActiveCfg = Release|Any CPU
		{A3752FC8-D69D-4826-914C-B4C37257F114}.Release|x64.Build.0 = Release|Any CPU
		{A3752FC8-D69D-4826-914C-B4C37257F114}.Release|x86.ActiveCfg = Release|Any CPU
		{A3752FC8-D69D-4826-914C-B4C37257F114}.Release|x86.Build.0 = Release|Any CPU
		{61C9842A-6D99-42AB-8272-E870DAE4E5A9}.Debug|Any CPU.ActiveCfg = Debug|Any CPU
		{61C9842A-6D99-42AB-8272-E870DAE4E5A9}.Debug|Any CPU.Build.0 = Debug|Any CPU
		{61C9842A-6D99-42AB-8272-E870DAE4E5A9}.Debug|x64.ActiveCfg = Debug|Any CPU
		{61C9842A-6D99-42AB-8272-E870DAE4E5A9}.Debug|x64.Build.0 = Debug|Any CPU
		{61C9842A-6D99-42AB-8272-E870DAE4E5A9}.Debug|x86.ActiveCfg = Debug|Any CPU
		{61C9842A-6D99-42AB-8272-E870DAE4E5A9}.Debug|x86.Build.0 = Debug|Any CPU
		{61C9842A-6D99-42AB-8272-E870DAE4E5A9}.Development|Any CPU.ActiveCfg = Debug|Any CPU
		{61C9842A-6D99-42AB-8272-E870DAE4E5A9}.Development|Any CPU.Build.0 = Debug|Any CPU
		{61C9842A-6D99-42AB-8272-E870DAE4E5A9}.Development|x64.ActiveCfg = Debug|Any CPU
		{61C9842A-6D99-42AB-8272-E870DAE4E5A9}.Development|x64.Build.0 = Debug|Any CPU
		{61C9842A-6D99-42AB-8272-E870DAE4E5A9}.Development|x86.ActiveCfg = Debug|Any CPU
		{61C9842A-6D99-42AB-8272-E870DAE4E5A9}.Development|x86.Build.0 = Debug|Any CPU
		{61C9842A-6D99-42AB-8272-E870DAE4E5A9}.Release|Any CPU.ActiveCfg = Release|Any CPU
		{61C9842A-6D99-42AB-8272-E870DAE4E5A9}.Release|Any CPU.Build.0 = Release|Any CPU
		{61C9842A-6D99-42AB-8272-E870DAE4E5A9}.Release|x64.ActiveCfg = Release|Any CPU
		{61C9842A-6D99-42AB-8272-E870DAE4E5A9}.Release|x64.Build.0 = Release|Any CPU
		{61C9842A-6D99-42AB-8272-E870DAE4E5A9}.Release|x86.ActiveCfg = Release|Any CPU
		{61C9842A-6D99-42AB-8272-E870DAE4E5A9}.Release|x86.Build.0 = Release|Any CPU
		{3FB68365-10F1-4CD9-A3C1-154D7C1B58E9}.Debug|Any CPU.ActiveCfg = Debug|Any CPU
		{3FB68365-10F1-4CD9-A3C1-154D7C1B58E9}.Debug|Any CPU.Build.0 = Debug|Any CPU
		{3FB68365-10F1-4CD9-A3C1-154D7C1B58E9}.Debug|x64.ActiveCfg = Debug|Any CPU
		{3FB68365-10F1-4CD9-A3C1-154D7C1B58E9}.Debug|x64.Build.0 = Debug|Any CPU
		{3FB68365-10F1-4CD9-A3C1-154D7C1B58E9}.Debug|x86.ActiveCfg = Debug|Any CPU
		{3FB68365-10F1-4CD9-A3C1-154D7C1B58E9}.Debug|x86.Build.0 = Debug|Any CPU
		{3FB68365-10F1-4CD9-A3C1-154D7C1B58E9}.Development|Any CPU.ActiveCfg = Debug|Any CPU
		{3FB68365-10F1-4CD9-A3C1-154D7C1B58E9}.Development|Any CPU.Build.0 = Debug|Any CPU
		{3FB68365-10F1-4CD9-A3C1-154D7C1B58E9}.Development|x64.ActiveCfg = Debug|Any CPU
		{3FB68365-10F1-4CD9-A3C1-154D7C1B58E9}.Development|x64.Build.0 = Debug|Any CPU
		{3FB68365-10F1-4CD9-A3C1-154D7C1B58E9}.Development|x86.ActiveCfg = Debug|Any CPU
		{3FB68365-10F1-4CD9-A3C1-154D7C1B58E9}.Development|x86.Build.0 = Debug|Any CPU
		{3FB68365-10F1-4CD9-A3C1-154D7C1B58E9}.Release|Any CPU.ActiveCfg = Release|Any CPU
		{3FB68365-10F1-4CD9-A3C1-154D7C1B58E9}.Release|Any CPU.Build.0 = Release|Any CPU
		{3FB68365-10F1-4CD9-A3C1-154D7C1B58E9}.Release|x64.ActiveCfg = Release|Any CPU
		{3FB68365-10F1-4CD9-A3C1-154D7C1B58E9}.Release|x64.Build.0 = Release|Any CPU
		{3FB68365-10F1-4CD9-A3C1-154D7C1B58E9}.Release|x86.ActiveCfg = Release|Any CPU
		{3FB68365-10F1-4CD9-A3C1-154D7C1B58E9}.Release|x86.Build.0 = Release|Any CPU
		{41F4778C-543D-419E-ABD0-51208CDCECFB}.Debug|Any CPU.ActiveCfg = Debug|Any CPU
		{41F4778C-543D-419E-ABD0-51208CDCECFB}.Debug|Any CPU.Build.0 = Debug|Any CPU
		{41F4778C-543D-419E-ABD0-51208CDCECFB}.Debug|x64.ActiveCfg = Debug|Any CPU
		{41F4778C-543D-419E-ABD0-51208CDCECFB}.Debug|x64.Build.0 = Debug|Any CPU
		{41F4778C-543D-419E-ABD0-51208CDCECFB}.Debug|x86.ActiveCfg = Debug|Any CPU
		{41F4778C-543D-419E-ABD0-51208CDCECFB}.Debug|x86.Build.0 = Debug|Any CPU
		{41F4778C-543D-419E-ABD0-51208CDCECFB}.Development|Any CPU.ActiveCfg = Debug|Any CPU
		{41F4778C-543D-419E-ABD0-51208CDCECFB}.Development|Any CPU.Build.0 = Debug|Any CPU
		{41F4778C-543D-419E-ABD0-51208CDCECFB}.Development|x64.ActiveCfg = Debug|Any CPU
		{41F4778C-543D-419E-ABD0-51208CDCECFB}.Development|x64.Build.0 = Debug|Any CPU
		{41F4778C-543D-419E-ABD0-51208CDCECFB}.Development|x86.ActiveCfg = Debug|Any CPU
		{41F4778C-543D-419E-ABD0-51208CDCECFB}.Development|x86.Build.0 = Debug|Any CPU
		{41F4778C-543D-419E-ABD0-51208CDCECFB}.Release|Any CPU.ActiveCfg = Release|Any CPU
		{41F4778C-543D-419E-ABD0-51208CDCECFB}.Release|Any CPU.Build.0 = Release|Any CPU
		{41F4778C-543D-419E-ABD0-51208CDCECFB}.Release|x64.ActiveCfg = Release|Any CPU
		{41F4778C-543D-419E-ABD0-51208CDCECFB}.Release|x64.Build.0 = Release|Any CPU
		{41F4778C-543D-419E-ABD0-51208CDCECFB}.Release|x86.ActiveCfg = Release|Any CPU
		{41F4778C-543D-419E-ABD0-51208CDCECFB}.Release|x86.Build.0 = Release|Any CPU
		{7B44E423-FF59-4BA8-A9FA-FE7F93DCFAB0}.Debug|Any CPU.ActiveCfg = Debug|Any CPU
		{7B44E423-FF59-4BA8-A9FA-FE7F93DCFAB0}.Debug|Any CPU.Build.0 = Debug|Any CPU
		{7B44E423-FF59-4BA8-A9FA-FE7F93DCFAB0}.Debug|x64.ActiveCfg = Debug|Any CPU
		{7B44E423-FF59-4BA8-A9FA-FE7F93DCFAB0}.Debug|x64.Build.0 = Debug|Any CPU
		{7B44E423-FF59-4BA8-A9FA-FE7F93DCFAB0}.Debug|x86.ActiveCfg = Debug|Any CPU
		{7B44E423-FF59-4BA8-A9FA-FE7F93DCFAB0}.Debug|x86.Build.0 = Debug|Any CPU
		{7B44E423-FF59-4BA8-A9FA-FE7F93DCFAB0}.Development|Any CPU.ActiveCfg = Debug|Any CPU
		{7B44E423-FF59-4BA8-A9FA-FE7F93DCFAB0}.Development|Any CPU.Build.0 = Debug|Any CPU
		{7B44E423-FF59-4BA8-A9FA-FE7F93DCFAB0}.Development|x64.ActiveCfg = Debug|Any CPU
		{7B44E423-FF59-4BA8-A9FA-FE7F93DCFAB0}.Development|x64.Build.0 = Debug|Any CPU
		{7B44E423-FF59-4BA8-A9FA-FE7F93DCFAB0}.Development|x86.ActiveCfg = Debug|Any CPU
		{7B44E423-FF59-4BA8-A9FA-FE7F93DCFAB0}.Development|x86.Build.0 = Debug|Any CPU
		{7B44E423-FF59-4BA8-A9FA-FE7F93DCFAB0}.Release|Any CPU.ActiveCfg = Release|Any CPU
		{7B44E423-FF59-4BA8-A9FA-FE7F93DCFAB0}.Release|Any CPU.Build.0 = Release|Any CPU
		{7B44E423-FF59-4BA8-A9FA-FE7F93DCFAB0}.Release|x64.ActiveCfg = Release|Any CPU
		{7B44E423-FF59-4BA8-A9FA-FE7F93DCFAB0}.Release|x64.Build.0 = Release|Any CPU
		{7B44E423-FF59-4BA8-A9FA-FE7F93DCFAB0}.Release|x86.ActiveCfg = Release|Any CPU
		{7B44E423-FF59-4BA8-A9FA-FE7F93DCFAB0}.Release|x86.Build.0 = Release|Any CPU
		{98C98485-3BBE-419E-B3BD-E7A81C1A0AFF}.Debug|Any CPU.ActiveCfg = Debug|Any CPU
		{98C98485-3BBE-419E-B3BD-E7A81C1A0AFF}.Debug|Any CPU.Build.0 = Debug|Any CPU
		{98C98485-3BBE-419E-B3BD-E7A81C1A0AFF}.Debug|x64.ActiveCfg = Debug|Any CPU
		{98C98485-3BBE-419E-B3BD-E7A81C1A0AFF}.Debug|x64.Build.0 = Debug|Any CPU
		{98C98485-3BBE-419E-B3BD-E7A81C1A0AFF}.Debug|x86.ActiveCfg = Debug|Any CPU
		{98C98485-3BBE-419E-B3BD-E7A81C1A0AFF}.Debug|x86.Build.0 = Debug|Any CPU
		{98C98485-3BBE-419E-B3BD-E7A81C1A0AFF}.Development|Any CPU.ActiveCfg = Debug|Any CPU
		{98C98485-3BBE-419E-B3BD-E7A81C1A0AFF}.Development|Any CPU.Build.0 = Debug|Any CPU
		{98C98485-3BBE-419E-B3BD-E7A81C1A0AFF}.Development|x64.ActiveCfg = Debug|Any CPU
		{98C98485-3BBE-419E-B3BD-E7A81C1A0AFF}.Development|x64.Build.0 = Debug|Any CPU
		{98C98485-3BBE-419E-B3BD-E7A81C1A0AFF}.Development|x86.ActiveCfg = Debug|Any CPU
		{98C98485-3BBE-419E-B3BD-E7A81C1A0AFF}.Development|x86.Build.0 = Debug|Any CPU
		{98C98485-3BBE-419E-B3BD-E7A81C1A0AFF}.Release|Any CPU.ActiveCfg = Release|Any CPU
		{98C98485-3BBE-419E-B3BD-E7A81C1A0AFF}.Release|Any CPU.Build.0 = Release|Any CPU
		{98C98485-3BBE-419E-B3BD-E7A81C1A0AFF}.Release|x64.ActiveCfg = Release|Any CPU
		{98C98485-3BBE-419E-B3BD-E7A81C1A0AFF}.Release|x64.Build.0 = Release|Any CPU
		{98C98485-3BBE-419E-B3BD-E7A81C1A0AFF}.Release|x86.ActiveCfg = Release|Any CPU
		{98C98485-3BBE-419E-B3BD-E7A81C1A0AFF}.Release|x86.Build.0 = Release|Any CPU
		{8B254BEA-6EAE-48D2-8FCA-75300187CC52}.Debug|Any CPU.ActiveCfg = Debug|Any CPU
		{8B254BEA-6EAE-48D2-8FCA-75300187CC52}.Debug|Any CPU.Build.0 = Debug|Any CPU
		{8B254BEA-6EAE-48D2-8FCA-75300187CC52}.Debug|x64.ActiveCfg = Debug|Any CPU
		{8B254BEA-6EAE-48D2-8FCA-75300187CC52}.Debug|x64.Build.0 = Debug|Any CPU
		{8B254BEA-6EAE-48D2-8FCA-75300187CC52}.Debug|x86.ActiveCfg = Debug|Any CPU
		{8B254BEA-6EAE-48D2-8FCA-75300187CC52}.Debug|x86.Build.0 = Debug|Any CPU
		{8B254BEA-6EAE-48D2-8FCA-75300187CC52}.Development|Any CPU.ActiveCfg = Debug|Any CPU
		{8B254BEA-6EAE-48D2-8FCA-75300187CC52}.Development|Any CPU.Build.0 = Debug|Any CPU
		{8B254BEA-6EAE-48D2-8FCA-75300187CC52}.Development|x64.ActiveCfg = Debug|Any CPU
		{8B254BEA-6EAE-48D2-8FCA-75300187CC52}.Development|x64.Build.0 = Debug|Any CPU
		{8B254BEA-6EAE-48D2-8FCA-75300187CC52}.Development|x86.ActiveCfg = Debug|Any CPU
		{8B254BEA-6EAE-48D2-8FCA-75300187CC52}.Development|x86.Build.0 = Debug|Any CPU
		{8B254BEA-6EAE-48D2-8FCA-75300187CC52}.Release|Any CPU.ActiveCfg = Release|Any CPU
		{8B254BEA-6EAE-48D2-8FCA-75300187CC52}.Release|Any CPU.Build.0 = Release|Any CPU
		{8B254BEA-6EAE-48D2-8FCA-75300187CC52}.Release|x64.ActiveCfg = Release|Any CPU
		{8B254BEA-6EAE-48D2-8FCA-75300187CC52}.Release|x64.Build.0 = Release|Any CPU
		{8B254BEA-6EAE-48D2-8FCA-75300187CC52}.Release|x86.ActiveCfg = Release|Any CPU
		{8B254BEA-6EAE-48D2-8FCA-75300187CC52}.Release|x86.Build.0 = Release|Any CPU
		{9AA4F585-616F-469D-A915-56FB25B66BC0}.Debug|Any CPU.ActiveCfg = Development
		{9AA4F585-616F-469D-A915-56FB25B66BC0}.Debug|Any CPU.Build.0 = Development
		{9AA4F585-616F-469D-A915-56FB25B66BC0}.Debug|x64.ActiveCfg = Development
		{9AA4F585-616F-469D-A915-56FB25B66BC0}.Debug|x64.Build.0 = Development
		{9AA4F585-616F-469D-A915-56FB25B66BC0}.Debug|x86.ActiveCfg = Development
		{9AA4F585-616F-469D-A915-56FB25B66BC0}.Debug|x86.Build.0 = Development
		{9AA4F585-616F-469D-A915-56FB25B66BC0}.Development|Any CPU.ActiveCfg = Development
		{9AA4F585-616F-469D-A915-56FB25B66BC0}.Development|Any CPU.Build.0 = Development
		{9AA4F585-616F-469D-A915-56FB25B66BC0}.Development|x64.ActiveCfg = Development
		{9AA4F585-616F-469D-A915-56FB25B66BC0}.Development|x64.Build.0 = Development
		{9AA4F585-616F-469D-A915-56FB25B66BC0}.Development|x86.ActiveCfg = Development
		{9AA4F585-616F-469D-A915-56FB25B66BC0}.Development|x86.Build.0 = Development
		{9AA4F585-616F-469D-A915-56FB25B66BC0}.Release|Any CPU.ActiveCfg = Development
		{9AA4F585-616F-469D-A915-56FB25B66BC0}.Release|Any CPU.Build.0 = Development
		{9AA4F585-616F-469D-A915-56FB25B66BC0}.Release|x64.ActiveCfg = Development
		{9AA4F585-616F-469D-A915-56FB25B66BC0}.Release|x64.Build.0 = Development
		{9AA4F585-616F-469D-A915-56FB25B66BC0}.Release|x86.ActiveCfg = Development
		{9AA4F585-616F-469D-A915-56FB25B66BC0}.Release|x86.Build.0 = Development
	EndGlobalSection
	GlobalSection(SolutionProperties) = preSolution
		HideSolutionNode = FALSE
	EndGlobalSection
	GlobalSection(NestedProjects) = preSolution
		{98A29C07-B414-45B2-B835-7519E8620A26} = {157EDE3F-11F0-4CA7-BBC2-B1AE07978F7F}
		{A3752FC8-D69D-4826-914C-B4C37257F114} = {157EDE3F-11F0-4CA7-BBC2-B1AE07978F7F}
		{61C9842A-6D99-42AB-8272-E870DAE4E5A9} = {157EDE3F-11F0-4CA7-BBC2-B1AE07978F7F}
		{3FB68365-10F1-4CD9-A3C1-154D7C1B58E9} = {157EDE3F-11F0-4CA7-BBC2-B1AE07978F7F}
		{41F4778C-543D-419E-ABD0-51208CDCECFB} = {157EDE3F-11F0-4CA7-BBC2-B1AE07978F7F}
		{7B44E423-FF59-4BA8-A9FA-FE7F93DCFAB0} = {157EDE3F-11F0-4CA7-BBC2-B1AE07978F7F}
		{98C98485-3BBE-419E-B3BD-E7A81C1A0AFF} = {157EDE3F-11F0-4CA7-BBC2-B1AE07978F7F}
		{8B254BEA-6EAE-48D2-8FCA-75300187CC52} = {157EDE3F-11F0-4CA7-BBC2-B1AE07978F7F}
		{9AA4F585-616F-469D-A915-56FB25B66BC0} = {157EDE3F-11F0-4CA7-BBC2-B1AE07978F7F}
	EndGlobalSection
	GlobalSection(ExtensibilityGlobals) = postSolution
		SolutionGuid = {FAEB3947-E511-45EA-95C9-36AAEF04A93F}
	EndGlobalSection
EndGlobal
